
Microsoft Visual Studio Solution File, Format Version 12.00
# Visual Studio 15
VisualStudioVersion = 15.0.28010.0
MinimumVisualStudioVersion = 10.0.40219.1
Project("{FAE04EC0-301F-11D3-BF4B-00C04F79EFBC}") = "App01_ConsultarCEP.Android", "App01_ConsultarCEP\App01_ConsultarCEP.Android\App01_ConsultarCEP.Android.csproj", "{CC678335-23E0-4641-82FF-3D49776BA36E}"
EndProject
Project("{FAE04EC0-301F-11D3-BF4B-00C04F79EFBC}") = "App01_ConsultarCEP.iOS", "App01_ConsultarCEP\App01_ConsultarCEP.iOS\App01_ConsultarCEP.iOS.csproj", "{2B42513C-0010-4D34-93CB-4D31DE378A1B}"
EndProject
Project("{FAE04EC0-301F-11D3-BF4B-00C04F79EFBC}") = "App01_ConsultarCEP.UWP", "App01_ConsultarCEP\App01_ConsultarCEP.UWP\App01_ConsultarCEP.UWP.csproj", "{AB566244-2359-4728-AE1A-368A3655222D}"
EndProject
Project("{FAE04EC0-301F-11D3-BF4B-00C04F79EFBC}") = "App01_ConsultarCEP", "App01_ConsultarCEP\App01_ConsultarCEP\App01_ConsultarCEP.csproj", "{13168E4B-776F-495D-B4FA-A78BD9715E30}"
EndProject
Global
	GlobalSection(SolutionConfigurationPlatforms) = preSolution
		Ad-Hoc|Any CPU = Ad-Hoc|Any CPU
		Ad-Hoc|ARM = Ad-Hoc|ARM
		Ad-Hoc|iPhone = Ad-Hoc|iPhone
		Ad-Hoc|iPhoneSimulator = Ad-Hoc|iPhoneSimulator
		Ad-Hoc|x64 = Ad-Hoc|x64
		Ad-Hoc|x86 = Ad-Hoc|x86
		AppStore|Any CPU = AppStore|Any CPU
		AppStore|ARM = AppStore|ARM
		AppStore|iPhone = AppStore|iPhone
		AppStore|iPhoneSimulator = AppStore|iPhoneSimulator
		AppStore|x64 = AppStore|x64
		AppStore|x86 = AppStore|x86
		Debug|Any CPU = Debug|Any CPU
		Debug|ARM = Debug|ARM
		Debug|iPhone = Debug|iPhone
		Debug|iPhoneSimulator = Debug|iPhoneSimulator
		Debug|x64 = Debug|x64
		Debug|x86 = Debug|x86
		Release|Any CPU = Release|Any CPU
		Release|ARM = Release|ARM
		Release|iPhone = Release|iPhone
		Release|iPhoneSimulator = Release|iPhoneSimulator
		Release|x64 = Release|x64
		Release|x86 = Release|x86
	EndGlobalSection
	GlobalSection(ProjectConfigurationPlatforms) = postSolution
		{CC678335-23E0-4641-82FF-3D49776BA36E}.Ad-Hoc|Any CPU.ActiveCfg = Release|Any CPU
		{CC678335-23E0-4641-82FF-3D49776BA36E}.Ad-Hoc|Any CPU.Build.0 = Release|Any CPU
		{CC678335-23E0-4641-82FF-3D49776BA36E}.Ad-Hoc|Any CPU.Deploy.0 = Release|Any CPU
		{CC678335-23E0-4641-82FF-3D49776BA36E}.Ad-Hoc|ARM.ActiveCfg = Release|Any CPU
		{CC678335-23E0-4641-82FF-3D49776BA36E}.Ad-Hoc|ARM.Build.0 = Release|Any CPU
		{CC678335-23E0-4641-82FF-3D49776BA36E}.Ad-Hoc|ARM.Deploy.0 = Release|Any CPU
		{CC678335-23E0-4641-82FF-3D49776BA36E}.Ad-Hoc|iPhone.ActiveCfg = Release|Any CPU
		{CC678335-23E0-4641-82FF-3D49776BA36E}.Ad-Hoc|iPhone.Build.0 = Release|Any CPU
		{CC678335-23E0-4641-82FF-3D49776BA36E}.Ad-Hoc|iPhone.Deploy.0 = Release|Any CPU
		{CC678335-23E0-4641-82FF-3D49776BA36E}.Ad-Hoc|iPhoneSimulator.ActiveCfg = Release|Any CPU
		{CC678335-23E0-4641-82FF-3D49776BA36E}.Ad-Hoc|iPhoneSimulator.Build.0 = Release|Any CPU
		{CC678335-23E0-4641-82FF-3D49776BA36E}.Ad-Hoc|iPhoneSimulator.Deploy.0 = Release|Any CPU
		{CC678335-23E0-4641-82FF-3D49776BA36E}.Ad-Hoc|x64.ActiveCfg = Release|Any CPU
		{CC678335-23E0-4641-82FF-3D49776BA36E}.Ad-Hoc|x64.Build.0 = Release|Any CPU
		{CC678335-23E0-4641-82FF-3D49776BA36E}.Ad-Hoc|x64.Deploy.0 = Release|Any CPU
		{CC678335-23E0-4641-82FF-3D49776BA36E}.Ad-Hoc|x86.ActiveCfg = Release|Any CPU
		{CC678335-23E0-4641-82FF-3D49776BA36E}.Ad-Hoc|x86.Build.0 = Release|Any CPU
		{CC678335-23E0-4641-82FF-3D49776BA36E}.Ad-Hoc|x86.Deploy.0 = Release|Any CPU
		{CC678335-23E0-4641-82FF-3D49776BA36E}.AppStore|Any CPU.ActiveCfg = Release|Any CPU
		{CC678335-23E0-4641-82FF-3D49776BA36E}.AppStore|Any CPU.Build.0 = Release|Any CPU
		{CC678335-23E0-4641-82FF-3D49776BA36E}.AppStore|Any CPU.Deploy.0 = Release|Any CPU
		{CC678335-23E0-4641-82FF-3D49776BA36E}.AppStore|ARM.ActiveCfg = Release|Any CPU
		{CC678335-23E0-4641-82FF-3D49776BA36E}.AppStore|ARM.Build.0 = Release|Any CPU
		{CC678335-23E0-4641-82FF-3D49776BA36E}.AppStore|ARM.Deploy.0 = Release|Any CPU
		{CC678335-23E0-4641-82FF-3D49776BA36E}.AppStore|iPhone.ActiveCfg = Release|Any CPU
		{CC678335-23E0-4641-82FF-3D49776BA36E}.AppStore|iPhone.Build.0 = Release|Any CPU
		{CC678335-23E0-4641-82FF-3D49776BA36E}.AppStore|iPhone.Deploy.0 = Release|Any CPU
		{CC678335-23E0-4641-82FF-3D49776BA36E}.AppStore|iPhoneSimulator.ActiveCfg = Release|Any CPU
		{CC678335-23E0-4641-82FF-3D49776BA36E}.AppStore|iPhoneSimulator.Build.0 = Release|Any CPU
		{CC678335-23E0-4641-82FF-3D49776BA36E}.AppStore|iPhoneSimulator.Deploy.0 = Release|Any CPU
		{CC678335-23E0-4641-82FF-3D49776BA36E}.AppStore|x64.ActiveCfg = Release|Any CPU
		{CC678335-23E0-4641-82FF-3D49776BA36E}.AppStore|x64.Build.0 = Release|Any CPU
		{CC678335-23E0-4641-82FF-3D49776BA36E}.AppStore|x64.Deploy.0 = Release|Any CPU
		{CC678335-23E0-4641-82FF-3D49776BA36E}.AppStore|x86.ActiveCfg = Release|Any CPU
		{CC678335-23E0-4641-82FF-3D49776BA36E}.AppStore|x86.Build.0 = Release|Any CPU
		{CC678335-23E0-4641-82FF-3D49776BA36E}.AppStore|x86.Deploy.0 = Release|Any CPU
		{CC678335-23E0-4641-82FF-3D49776BA36E}.Debug|Any CPU.ActiveCfg = Debug|Any CPU
		{CC678335-23E0-4641-82FF-3D49776BA36E}.Debug|Any CPU.Build.0 = Debug|Any CPU
		{CC678335-23E0-4641-82FF-3D49776BA36E}.Debug|Any CPU.Deploy.0 = Debug|Any CPU
		{CC678335-23E0-4641-82FF-3D49776BA36E}.Debug|ARM.ActiveCfg = Debug|Any CPU
		{CC678335-23E0-4641-82FF-3D49776BA36E}.Debug|ARM.Build.0 = Debug|Any CPU
		{CC678335-23E0-4641-82FF-3D49776BA36E}.Debug|ARM.Deploy.0 = Debug|Any CPU
		{CC678335-23E0-4641-82FF-3D49776BA36E}.Debug|iPhone.ActiveCfg = Debug|Any CPU
		{CC678335-23E0-4641-82FF-3D49776BA36E}.Debug|iPhone.Build.0 = Debug|Any CPU
		{CC678335-23E0-4641-82FF-3D49776BA36E}.Debug|iPhone.Deploy.0 = Debug|Any CPU
		{CC678335-23E0-4641-82FF-3D49776BA36E}.Debug|iPhoneSimulator.ActiveCfg = Debug|Any CPU
		{CC678335-23E0-4641-82FF-3D49776BA36E}.Debug|iPhoneSimulator.Build.0 = Debug|Any CPU
		{CC678335-23E0-4641-82FF-3D49776BA36E}.Debug|iPhoneSimulator.Deploy.0 = Debug|Any CPU
		{CC678335-23E0-4641-82FF-3D49776BA36E}.Debug|x64.ActiveCfg = Debug|Any CPU
		{CC678335-23E0-4641-82FF-3D49776BA36E}.Debug|x64.Build.0 = Debug|Any CPU
		{CC678335-23E0-4641-82FF-3D49776BA36E}.Debug|x64.Deploy.0 = Debug|Any CPU
		{CC678335-23E0-4641-82FF-3D49776BA36E}.Debug|x86.ActiveCfg = Debug|Any CPU
		{CC678335-23E0-4641-82FF-3D49776BA36E}.Debug|x86.Build.0 = Debug|Any CPU
		{CC678335-23E0-4641-82FF-3D49776BA36E}.Debug|x86.Deploy.0 = Debug|Any CPU
		{CC678335-23E0-4641-82FF-3D49776BA36E}.Release|Any CPU.ActiveCfg = Release|Any CPU
		{CC678335-23E0-4641-82FF-3D49776BA36E}.Release|Any CPU.Build.0 = Release|Any CPU
		{CC678335-23E0-4641-82FF-3D49776BA36E}.Release|Any CPU.Deploy.0 = Release|Any CPU
		{CC678335-23E0-4641-82FF-3D49776BA36E}.Release|ARM.ActiveCfg = Release|Any CPU
		{CC678335-23E0-4641-82FF-3D49776BA36E}.Release|ARM.Build.0 = Release|Any CPU
		{CC678335-23E0-4641-82FF-3D49776BA36E}.Release|ARM.Deploy.0 = Release|Any CPU
		{CC678335-23E0-4641-82FF-3D49776BA36E}.Release|iPhone.ActiveCfg = Release|Any CPU
		{CC678335-23E0-4641-82FF-3D49776BA36E}.Release|iPhone.Build.0 = Release|Any CPU
		{CC678335-23E0-4641-82FF-3D49776BA36E}.Release|iPhone.Deploy.0 = Release|Any CPU
		{CC678335-23E0-4641-82FF-3D49776BA36E}.Release|iPhoneSimulator.ActiveCfg = Release|Any CPU
		{CC678335-23E0-4641-82FF-3D49776BA36E}.Release|iPhoneSimulator.Build.0 = Release|Any CPU
		{CC678335-23E0-4641-82FF-3D49776BA36E}.Release|iPhoneSimulator.Deploy.0 = Release|Any CPU
		{CC678335-23E0-4641-82FF-3D49776BA36E}.Release|x64.ActiveCfg = Release|Any CPU
		{CC678335-23E0-4641-82FF-3D49776BA36E}.Release|x64.Build.0 = Release|Any CPU
		{CC678335-23E0-4641-82FF-3D49776BA36E}.Release|x64.Deploy.0 = Release|Any CPU
		{CC678335-23E0-4641-82FF-3D49776BA36E}.Release|x86.ActiveCfg = Release|Any CPU
		{CC678335-23E0-4641-82FF-3D49776BA36E}.Release|x86.Build.0 = Release|Any CPU
		{CC678335-23E0-4641-82FF-3D49776BA36E}.Release|x86.Deploy.0 = Release|Any CPU
		{2B42513C-0010-4D34-93CB-4D31DE378A1B}.Ad-Hoc|Any CPU.ActiveCfg = Ad-Hoc|iPhone
		{2B42513C-0010-4D34-93CB-4D31DE378A1B}.Ad-Hoc|Any CPU.Build.0 = Ad-Hoc|iPhone
		{2B42513C-0010-4D34-93CB-4D31DE378A1B}.Ad-Hoc|Any CPU.Deploy.0 = Ad-Hoc|iPhone
		{2B42513C-0010-4D34-93CB-4D31DE378A1B}.Ad-Hoc|ARM.ActiveCfg = Ad-Hoc|iPhone
		{2B42513C-0010-4D34-93CB-4D31DE378A1B}.Ad-Hoc|ARM.Build.0 = Ad-Hoc|iPhone
		{2B42513C-0010-4D34-93CB-4D31DE378A1B}.Ad-Hoc|ARM.Deploy.0 = Ad-Hoc|iPhone
		{2B42513C-0010-4D34-93CB-4D31DE378A1B}.Ad-Hoc|iPhone.ActiveCfg = Ad-Hoc|iPhone
		{2B42513C-0010-4D34-93CB-4D31DE378A1B}.Ad-Hoc|iPhone.Build.0 = Ad-Hoc|iPhone
		{2B42513C-0010-4D34-93CB-4D31DE378A1B}.Ad-Hoc|iPhone.Deploy.0 = Ad-Hoc|iPhone
		{2B42513C-0010-4D34-93CB-4D31DE378A1B}.Ad-Hoc|iPhoneSimulator.ActiveCfg = Ad-Hoc|iPhoneSimulator
		{2B42513C-0010-4D34-93CB-4D31DE378A1B}.Ad-Hoc|iPhoneSimulator.Build.0 = Ad-Hoc|iPhoneSimulator
		{2B42513C-0010-4D34-93CB-4D31DE378A1B}.Ad-Hoc|iPhoneSimulator.Deploy.0 = Ad-Hoc|iPhoneSimulator
		{2B42513C-0010-4D34-93CB-4D31DE378A1B}.Ad-Hoc|x64.ActiveCfg = Ad-Hoc|iPhone
		{2B42513C-0010-4D34-93CB-4D31DE378A1B}.Ad-Hoc|x64.Build.0 = Ad-Hoc|iPhone
		{2B42513C-0010-4D34-93CB-4D31DE378A1B}.Ad-Hoc|x64.Deploy.0 = Ad-Hoc|iPhone
		{2B42513C-0010-4D34-93CB-4D31DE378A1B}.Ad-Hoc|x86.ActiveCfg = Ad-Hoc|iPhone
		{2B42513C-0010-4D34-93CB-4D31DE378A1B}.Ad-Hoc|x86.Build.0 = Ad-Hoc|iPhone
		{2B42513C-0010-4D34-93CB-4D31DE378A1B}.Ad-Hoc|x86.Deploy.0 = Ad-Hoc|iPhone
		{2B42513C-0010-4D34-93CB-4D31DE378A1B}.AppStore|Any CPU.ActiveCfg = AppStore|iPhone
		{2B42513C-0010-4D34-93CB-4D31DE378A1B}.AppStore|Any CPU.Build.0 = AppStore|iPhone
		{2B42513C-0010-4D34-93CB-4D31DE378A1B}.AppStore|Any CPU.Deploy.0 = AppStore|iPhone
		{2B42513C-0010-4D34-93CB-4D31DE378A1B}.AppStore|ARM.ActiveCfg = AppStore|iPhone
		{2B42513C-0010-4D34-93CB-4D31DE378A1B}.AppStore|ARM.Build.0 = AppStore|iPhone
		{2B42513C-0010-4D34-93CB-4D31DE378A1B}.AppStore|ARM.Deploy.0 = AppStore|iPhone
		{2B42513C-0010-4D34-93CB-4D31DE378A1B}.AppStore|iPhone.ActiveCfg = AppStore|iPhone
		{2B42513C-0010-4D34-93CB-4D31DE378A1B}.AppStore|iPhone.Build.0 = AppStore|iPhone
		{2B42513C-0010-4D34-93CB-4D31DE378A1B}.AppStore|iPhone.Deploy.0 = AppStore|iPhone
		{2B42513C-0010-4D34-93CB-4D31DE378A1B}.AppStore|iPhoneSimulator.ActiveCfg = AppStore|iPhoneSimulator
		{2B42513C-0010-4D34-93CB-4D31DE378A1B}.AppStore|iPhoneSimulator.Build.0 = AppStore|iPhoneSimulator
		{2B42513C-0010-4D34-93CB-4D31DE378A1B}.AppStore|iPhoneSimulator.Deploy.0 = AppStore|iPhoneSimulator
		{2B42513C-0010-4D34-93CB-4D31DE378A1B}.AppStore|x64.ActiveCfg = AppStore|iPhone
		{2B42513C-0010-4D34-93CB-4D31DE378A1B}.AppStore|x64.Build.0 = AppStore|iPhone
		{2B42513C-0010-4D34-93CB-4D31DE378A1B}.AppStore|x64.Deploy.0 = AppStore|iPhone
		{2B42513C-0010-4D34-93CB-4D31DE378A1B}.AppStore|x86.ActiveCfg = AppStore|iPhone
		{2B42513C-0010-4D34-93CB-4D31DE378A1B}.AppStore|x86.Build.0 = AppStore|iPhone
		{2B42513C-0010-4D34-93CB-4D31DE378A1B}.AppStore|x86.Deploy.0 = AppStore|iPhone
		{2B42513C-0010-4D34-93CB-4D31DE378A1B}.Debug|Any CPU.ActiveCfg = Debug|iPhoneSimulator
		{2B42513C-0010-4D34-93CB-4D31DE378A1B}.Debug|Any CPU.Build.0 = Debug|iPhoneSimulator
		{2B42513C-0010-4D34-93CB-4D31DE378A1B}.Debug|Any CPU.Deploy.0 = Debug|iPhoneSimulator
		{2B42513C-0010-4D34-93CB-4D31DE378A1B}.Debug|ARM.ActiveCfg = Debug|iPhone
		{2B42513C-0010-4D34-93CB-4D31DE378A1B}.Debug|ARM.Build.0 = Debug|iPhone
		{2B42513C-0010-4D34-93CB-4D31DE378A1B}.Debug|ARM.Deploy.0 = Debug|iPhone
		{2B42513C-0010-4D34-93CB-4D31DE378A1B}.Debug|iPhone.ActiveCfg = Debug|iPhone
		{2B42513C-0010-4D34-93CB-4D31DE378A1B}.Debug|iPhone.Build.0 = Debug|iPhone
		{2B42513C-0010-4D34-93CB-4D31DE378A1B}.Debug|iPhone.Deploy.0 = Debug|iPhone
		{2B42513C-0010-4D34-93CB-4D31DE378A1B}.Debug|iPhoneSimulator.ActiveCfg = Debug|iPhoneSimulator
		{2B42513C-0010-4D34-93CB-4D31DE378A1B}.Debug|iPhoneSimulator.Build.0 = Debug|iPhoneSimulator
		{2B42513C-0010-4D34-93CB-4D31DE378A1B}.Debug|iPhoneSimulator.Deploy.0 = Debug|iPhoneSimulator
		{2B42513C-0010-4D34-93CB-4D31DE378A1B}.Debug|x64.ActiveCfg = Debug|iPhone
		{2B42513C-0010-4D34-93CB-4D31DE378A1B}.Debug|x64.Build.0 = Debug|iPhone
		{2B42513C-0010-4D34-93CB-4D31DE378A1B}.Debug|x64.Deploy.0 = Debug|iPhone
		{2B42513C-0010-4D34-93CB-4D31DE378A1B}.Debug|x86.ActiveCfg = Debug|iPhone
		{2B42513C-0010-4D34-93CB-4D31DE378A1B}.Debug|x86.Build.0 = Debug|iPhone
		{2B42513C-0010-4D34-93CB-4D31DE378A1B}.Debug|x86.Deploy.0 = Debug|iPhone
		{2B42513C-0010-4D34-93CB-4D31DE378A1B}.Release|Any CPU.ActiveCfg = Release|iPhone
		{2B42513C-0010-4D34-93CB-4D31DE378A1B}.Release|Any CPU.Build.0 = Release|iPhone
		{2B42513C-0010-4D34-93CB-4D31DE378A1B}.Release|Any CPU.Deploy.0 = Release|iPhone
		{2B42513C-0010-4D34-93CB-4D31DE378A1B}.Release|ARM.ActiveCfg = Release|iPhone
		{2B42513C-0010-4D34-93CB-4D31DE378A1B}.Release|ARM.Build.0 = Release|iPhone
		{2B42513C-0010-4D34-93CB-4D31DE378A1B}.Release|ARM.Deploy.0 = Release|iPhone
		{2B42513C-0010-4D34-93CB-4D31DE378A1B}.Release|iPhone.ActiveCfg = Release|iPhone
		{2B42513C-0010-4D34-93CB-4D31DE378A1B}.Release|iPhone.Build.0 = Release|iPhone
		{2B42513C-0010-4D34-93CB-4D31DE378A1B}.Release|iPhone.Deploy.0 = Release|iPhone
		{2B42513C-0010-4D34-93CB-4D31DE378A1B}.Release|iPhoneSimulator.ActiveCfg = Release|iPhoneSimulator
		{2B42513C-0010-4D34-93CB-4D31DE378A1B}.Release|iPhoneSimulator.Build.0 = Release|iPhoneSimulator
		{2B42513C-0010-4D34-93CB-4D31DE378A1B}.Release|iPhoneSimulator.Deploy.0 = Release|iPhoneSimulator
		{2B42513C-0010-4D34-93CB-4D31DE378A1B}.Release|x64.ActiveCfg = Release|iPhone
		{2B42513C-0010-4D34-93CB-4D31DE378A1B}.Release|x64.Build.0 = Release|iPhone
		{2B42513C-0010-4D34-93CB-4D31DE378A1B}.Release|x64.Deploy.0 = Release|iPhone
		{2B42513C-0010-4D34-93CB-4D31DE378A1B}.Release|x86.ActiveCfg = Release|iPhone
		{2B42513C-0010-4D34-93CB-4D31DE378A1B}.Release|x86.Build.0 = Release|iPhone
		{2B42513C-0010-4D34-93CB-4D31DE378A1B}.Release|x86.Deploy.0 = Release|iPhone
		{AB566244-2359-4728-AE1A-368A3655222D}.Ad-Hoc|Any CPU.ActiveCfg = Release|x86
		{AB566244-2359-4728-AE1A-368A3655222D}.Ad-Hoc|Any CPU.Build.0 = Release|x86
		{AB566244-2359-4728-AE1A-368A3655222D}.Ad-Hoc|Any CPU.Deploy.0 = Release|x86
		{AB566244-2359-4728-AE1A-368A3655222D}.Ad-Hoc|ARM.ActiveCfg = Release|ARM
		{AB566244-2359-4728-AE1A-368A3655222D}.Ad-Hoc|ARM.Build.0 = Release|ARM
		{AB566244-2359-4728-AE1A-368A3655222D}.Ad-Hoc|ARM.Deploy.0 = Release|ARM
		{AB566244-2359-4728-AE1A-368A3655222D}.Ad-Hoc|iPhone.ActiveCfg = Release|x86
		{AB566244-2359-4728-AE1A-368A3655222D}.Ad-Hoc|iPhone.Build.0 = Release|x86
		{AB566244-2359-4728-AE1A-368A3655222D}.Ad-Hoc|iPhone.Deploy.0 = Release|x86
		{AB566244-2359-4728-AE1A-368A3655222D}.Ad-Hoc|iPhoneSimulator.ActiveCfg = Release|x86
		{AB566244-2359-4728-AE1A-368A3655222D}.Ad-Hoc|iPhoneSimulator.Build.0 = Release|x86
		{AB566244-2359-4728-AE1A-368A3655222D}.Ad-Hoc|iPhoneSimulator.Deploy.0 = Release|x86
		{AB566244-2359-4728-AE1A-368A3655222D}.Ad-Hoc|x64.ActiveCfg = Release|x64
		{AB566244-2359-4728-AE1A-368A3655222D}.Ad-Hoc|x64.Build.0 = Release|x64
		{AB566244-2359-4728-AE1A-368A3655222D}.Ad-Hoc|x64.Deploy.0 = Release|x64
		{AB566244-2359-4728-AE1A-368A3655222D}.Ad-Hoc|x86.ActiveCfg = Release|x86
		{AB566244-2359-4728-AE1A-368A3655222D}.Ad-Hoc|x86.Build.0 = Release|x86
		{AB566244-2359-4728-AE1A-368A3655222D}.Ad-Hoc|x86.Deploy.0 = Release|x86
		{AB566244-2359-4728-AE1A-368A3655222D}.AppStore|Any CPU.ActiveCfg = Release|x86
		{AB566244-2359-4728-AE1A-368A3655222D}.AppStore|Any CPU.Build.0 = Release|x86
		{AB566244-2359-4728-AE1A-368A3655222D}.AppStore|Any CPU.Deploy.0 = Release|x86
		{AB566244-2359-4728-AE1A-368A3655222D}.AppStore|ARM.ActiveCfg = Release|ARM
		{AB566244-2359-4728-AE1A-368A3655222D}.AppStore|ARM.Build.0 = Release|ARM
		{AB566244-2359-4728-AE1A-368A3655222D}.AppStore|ARM.Deploy.0 = Release|ARM
		{AB566244-2359-4728-AE1A-368A3655222D}.AppStore|iPhone.ActiveCfg = Release|x86
		{AB566244-2359-4728-AE1A-368A3655222D}.AppStore|iPhone.Build.0 = Release|x86
		{AB566244-2359-4728-AE1A-368A3655222D}.AppStore|iPhone.Deploy.0 = Release|x86
		{AB566244-2359-4728-AE1A-368A3655222D}.AppStore|iPhoneSimulator.ActiveCfg = Release|x86
		{AB566244-2359-4728-AE1A-368A3655222D}.AppStore|iPhoneSimulator.Build.0 = Release|x86
		{AB566244-2359-4728-AE1A-368A3655222D}.AppStore|iPhoneSimulator.Deploy.0 = Release|x86
		{AB566244-2359-4728-AE1A-368A3655222D}.AppStore|x64.ActiveCfg = Release|x64
		{AB566244-2359-4728-AE1A-368A3655222D}.AppStore|x64.Build.0 = Release|x64
		{AB566244-2359-4728-AE1A-368A3655222D}.AppStore|x64.Deploy.0 = Release|x64
		{AB566244-2359-4728-AE1A-368A3655222D}.AppStore|x86.ActiveCfg = Release|x86
		{AB566244-2359-4728-AE1A-368A3655222D}.AppStore|x86.Build.0 = Release|x86
		{AB566244-2359-4728-AE1A-368A3655222D}.AppStore|x86.Deploy.0 = Release|x86
		{AB566244-2359-4728-AE1A-368A3655222D}.Debug|Any CPU.ActiveCfg = Debug|x86
		{AB566244-2359-4728-AE1A-368A3655222D}.Debug|Any CPU.Build.0 = Debug|x86
		{AB566244-2359-4728-AE1A-368A3655222D}.Debug|Any CPU.Deploy.0 = Debug|x86
		{AB566244-2359-4728-AE1A-368A3655222D}.Debug|ARM.ActiveCfg = Debug|ARM
		{AB566244-2359-4728-AE1A-368A3655222D}.Debug|ARM.Build.0 = Debug|ARM
		{AB566244-2359-4728-AE1A-368A3655222D}.Debug|ARM.Deploy.0 = Debug|ARM
		{AB566244-2359-4728-AE1A-368A3655222D}.Debug|iPhone.ActiveCfg = Debug|x86
		{AB566244-2359-4728-AE1A-368A3655222D}.Debug|iPhone.Build.0 = Debug|x86
		{AB566244-2359-4728-AE1A-368A3655222D}.Debug|iPhone.Deploy.0 = Debug|x86
		{AB566244-2359-4728-AE1A-368A3655222D}.Debug|iPhoneSimulator.ActiveCfg = Debug|x86
		{AB566244-2359-4728-AE1A-368A3655222D}.Debug|iPhoneSimulator.Build.0 = Debug|x86
		{AB566244-2359-4728-AE1A-368A3655222D}.Debug|iPhoneSimulator.Deploy.0 = Debug|x86
		{AB566244-2359-4728-AE1A-368A3655222D}.Debug|x64.ActiveCfg = Debug|x64
		{AB566244-2359-4728-AE1A-368A3655222D}.Debug|x64.Build.0 = Debug|x64
		{AB566244-2359-4728-AE1A-368A3655222D}.Debug|x64.Deploy.0 = Debug|x64
		{AB566244-2359-4728-AE1A-368A3655222D}.Debug|x86.ActiveCfg = Debug|x86
		{AB566244-2359-4728-AE1A-368A3655222D}.Debug|x86.Build.0 = Debug|x86
		{AB566244-2359-4728-AE1A-368A3655222D}.Debug|x86.Deploy.0 = Debug|x86
		{AB566244-2359-4728-AE1A-368A3655222D}.Release|Any CPU.ActiveCfg = Release|x86
		{AB566244-2359-4728-AE1A-368A3655222D}.Release|Any CPU.Build.0 = Release|x86
		{AB566244-2359-4728-AE1A-368A3655222D}.Release|Any CPU.Deploy.0 = Release|x86
		{AB566244-2359-4728-AE1A-368A3655222D}.Release|ARM.ActiveCfg = Release|ARM
		{AB566244-2359-4728-AE1A-368A3655222D}.Release|ARM.Build.0 = Release|ARM
		{AB566244-2359-4728-AE1A-368A3655222D}.Release|ARM.Deploy.0 = Release|ARM
		{AB566244-2359-4728-AE1A-368A3655222D}.Release|iPhone.ActiveCfg = Release|x86
		{AB566244-2359-4728-AE1A-368A3655222D}.Release|iPhone.Build.0 = Release|x86
		{AB566244-2359-4728-AE1A-368A3655222D}.Release|iPhone.Deploy.0 = Release|x86
		{AB566244-2359-4728-AE1A-368A3655222D}.Release|iPhoneSimulator.ActiveCfg = Release|x86
		{AB566244-2359-4728-AE1A-368A3655222D}.Release|iPhoneSimulator.Build.0 = Release|x86
		{AB566244-2359-4728-AE1A-368A3655222D}.Release|iPhoneSimulator.Deploy.0 = Release|x86
		{AB566244-2359-4728-AE1A-368A3655222D}.Release|x64.ActiveCfg = Release|x64
		{AB566244-2359-4728-AE1A-368A3655222D}.Release|x64.Build.0 = Release|x64
		{AB566244-2359-4728-AE1A-368A3655222D}.Release|x64.Deploy.0 = Release|x64
		{AB566244-2359-4728-AE1A-368A3655222D}.Release|x86.ActiveCfg = Release|x86
		{AB566244-2359-4728-AE1A-368A3655222D}.Release|x86.Build.0 = Release|x86
		{AB566244-2359-4728-AE1A-368A3655222D}.Release|x86.Deploy.0 = Release|x86
		{13168E4B-776F-495D-B4FA-A78BD9715E30}.Ad-Hoc|Any CPU.ActiveCfg = Debug|Any CPU
		{13168E4B-776F-495D-B4FA-A78BD9715E30}.Ad-Hoc|Any CPU.Build.0 = Debug|Any CPU
		{13168E4B-776F-495D-B4FA-A78BD9715E30}.Ad-Hoc|Any CPU.Deploy.0 = Debug|Any CPU
		{13168E4B-776F-495D-B4FA-A78BD9715E30}.Ad-Hoc|ARM.ActiveCfg = Debug|Any CPU
		{13168E4B-776F-495D-B4FA-A78BD9715E30}.Ad-Hoc|ARM.Build.0 = Debug|Any CPU
		{13168E4B-776F-495D-B4FA-A78BD9715E30}.Ad-Hoc|ARM.Deploy.0 = Debug|Any CPU
		{13168E4B-776F-495D-B4FA-A78BD9715E30}.Ad-Hoc|iPhone.ActiveCfg = Debug|Any CPU
		{13168E4B-776F-495D-B4FA-A78BD9715E30}.Ad-Hoc|iPhone.Build.0 = Debug|Any CPU
		{13168E4B-776F-495D-B4FA-A78BD9715E30}.Ad-Hoc|iPhone.Deploy.0 = Debug|Any CPU
		{13168E4B-776F-495D-B4FA-A78BD9715E30}.Ad-Hoc|iPhoneSimulator.ActiveCfg = Debug|Any CPU
		{13168E4B-776F-495D-B4FA-A78BD9715E30}.Ad-Hoc|iPhoneSimulator.Build.0 = Debug|Any CPU
		{13168E4B-776F-495D-B4FA-A78BD9715E30}.Ad-Hoc|iPhoneSimulator.Deploy.0 = Debug|Any CPU
		{13168E4B-776F-495D-B4FA-A78BD9715E30}.Ad-Hoc|x64.ActiveCfg = Debug|Any CPU
		{13168E4B-776F-495D-B4FA-A78BD9715E30}.Ad-Hoc|x64.Build.0 = Debug|Any CPU
		{13168E4B-776F-495D-B4FA-A78BD9715E30}.Ad-Hoc|x64.Deploy.0 = Debug|Any CPU
		{13168E4B-776F-495D-B4FA-A78BD9715E30}.Ad-Hoc|x86.ActiveCfg = Debug|Any CPU
		{13168E4B-776F-495D-B4FA-A78BD9715E30}.Ad-Hoc|x86.Build.0 = Debug|Any CPU
		{13168E4B-776F-495D-B4FA-A78BD9715E30}.Ad-Hoc|x86.Deploy.0 = Debug|Any CPU
		{13168E4B-776F-495D-B4FA-A78BD9715E30}.AppStore|Any CPU.ActiveCfg = Debug|Any CPU
		{13168E4B-776F-495D-B4FA-A78BD9715E30}.AppStore|Any CPU.Build.0 = Debug|Any CPU
		{13168E4B-776F-495D-B4FA-A78BD9715E30}.AppStore|Any CPU.Deploy.0 = Debug|Any CPU
		{13168E4B-776F-495D-B4FA-A78BD9715E30}.AppStore|ARM.ActiveCfg = Debug|Any CPU
		{13168E4B-776F-495D-B4FA-A78BD9715E30}.AppStore|ARM.Build.0 = Debug|Any CPU
		{13168E4B-776F-495D-B4FA-A78BD9715E30}.AppStore|ARM.Deploy.0 = Debug|Any CPU
		{13168E4B-776F-495D-B4FA-A78BD9715E30}.AppStore|iPhone.ActiveCfg = Debug|Any CPU
		{13168E4B-776F-495D-B4FA-A78BD9715E30}.AppStore|iPhone.Build.0 = Debug|Any CPU
		{13168E4B-776F-495D-B4FA-A78BD9715E30}.AppStore|iPhone.Deploy.0 = Debug|Any CPU
		{13168E4B-776F-495D-B4FA-A78BD9715E30}.AppStore|iPhoneSimulator.ActiveCfg = Debug|Any CPU
		{13168E4B-776F-495D-B4FA-A78BD9715E30}.AppStore|iPhoneSimulator.Build.0 = Debug|Any CPU
		{13168E4B-776F-495D-B4FA-A78BD9715E30}.AppStore|iPhoneSimulator.Deploy.0 = Debug|Any CPU
		{13168E4B-776F-495D-B4FA-A78BD9715E30}.AppStore|x64.ActiveCfg = Debug|Any CPU
		{13168E4B-776F-495D-B4FA-A78BD9715E30}.AppStore|x64.Build.0 = Debug|Any CPU
		{13168E4B-776F-495D-B4FA-A78BD9715E30}.AppStore|x64.Deploy.0 = Debug|Any CPU
		{13168E4B-776F-495D-B4FA-A78BD9715E30}.AppStore|x86.ActiveCfg = Debug|Any CPU
		{13168E4B-776F-495D-B4FA-A78BD9715E30}.AppStore|x86.Build.0 = Debug|Any CPU
		{13168E4B-776F-495D-B4FA-A78BD9715E30}.AppStore|x86.Deploy.0 = Debug|Any CPU
		{13168E4B-776F-495D-B4FA-A78BD9715E30}.Debug|Any CPU.ActiveCfg = Debug|Any CPU
		{13168E4B-776F-495D-B4FA-A78BD9715E30}.Debug|Any CPU.Build.0 = Debug|Any CPU
		{13168E4B-776F-495D-B4FA-A78BD9715E30}.Debug|Any CPU.Deploy.0 = Debug|Any CPU
		{13168E4B-776F-495D-B4FA-A78BD9715E30}.Debug|ARM.ActiveCfg = Debug|Any CPU
		{13168E4B-776F-495D-B4FA-A78BD9715E30}.Debug|ARM.Build.0 = Debug|Any CPU
		{13168E4B-776F-495D-B4FA-A78BD9715E30}.Debug|ARM.Deploy.0 = Debug|Any CPU
		{13168E4B-776F-495D-B4FA-A78BD9715E30}.Debug|iPhone.ActiveCfg = Debug|Any CPU
		{13168E4B-776F-495D-B4FA-A78BD9715E30}.Debug|iPhone.Build.0 = Debug|Any CPU
		{13168E4B-776F-495D-B4FA-A78BD9715E30}.Debug|iPhone.Deploy.0 = Debug|Any CPU
		{13168E4B-776F-495D-B4FA-A78BD9715E30}.Debug|iPhoneSimulator.ActiveCfg = Debug|Any CPU
		{13168E4B-776F-495D-B4FA-A78BD9715E30}.Debug|iPhoneSimulator.Build.0 = Debug|Any CPU
		{13168E4B-776F-495D-B4FA-A78BD9715E30}.Debug|iPhoneSimulator.Deploy.0 = Debug|Any CPU
		{13168E4B-776F-495D-B4FA-A78BD9715E30}.Debug|x64.ActiveCfg = Debug|Any CPU
		{13168E4B-776F-495D-B4FA-A78BD9715E30}.Debug|x64.Build.0 = Debug|Any CPU
		{13168E4B-776F-495D-B4FA-A78BD9715E30}.Debug|x64.Deploy.0 = Debug|Any CPU
		{13168E4B-776F-495D-B4FA-A78BD9715E30}.Debug|x86.ActiveCfg = Debug|Any CPU
		{13168E4B-776F-495D-B4FA-A78BD9715E30}.Debug|x86.Build.0 = Debug|Any CPU
		{13168E4B-776F-495D-B4FA-A78BD9715E30}.Debug|x86.Deploy.0 = Debug|Any CPU
		{13168E4B-776F-495D-B4FA-A78BD9715E30}.Release|Any CPU.ActiveCfg = Release|Any CPU
		{13168E4B-776F-495D-B4FA-A78BD9715E30}.Release|Any CPU.Build.0 = Release|Any CPU
		{13168E4B-776F-495D-B4FA-A78BD9715E30}.Release|Any CPU.Deploy.0 = Release|Any CPU
		{13168E4B-776F-495D-B4FA-A78BD9715E30}.Release|ARM.ActiveCfg = Release|Any CPU
		{13168E4B-776F-495D-B4FA-A78BD9715E30}.Release|ARM.Build.0 = Release|Any CPU
		{13168E4B-776F-495D-B4FA-A78BD9715E30}.Release|ARM.Deploy.0 = Release|Any CPU
		{13168E4B-776F-495D-B4FA-A78BD9715E30}.Release|iPhone.ActiveCfg = Release|Any CPU
		{13168E4B-776F-495D-B4FA-A78BD9715E30}.Release|iPhone.Build.0 = Release|Any CPU
		{13168E4B-776F-495D-B4FA-A78BD9715E30}.Release|iPhone.Deploy.0 = Release|Any CPU
		{13168E4B-776F-495D-B4FA-A78BD9715E30}.Release|iPhoneSimulator.ActiveCfg = Release|Any CPU
		{13168E4B-776F-495D-B4FA-A78BD9715E30}.Release|iPhoneSimulator.Build.0 = Release|Any CPU
		{13168E4B-776F-495D-B4FA-A78BD9715E30}.Release|iPhoneSimulator.Deploy.0 = Release|Any CPU
		{13168E4B-776F-495D-B4FA-A78BD9715E30}.Release|x64.ActiveCfg = Release|Any CPU
		{13168E4B-776F-495D-B4FA-A78BD9715E30}.Release|x64.Build.0 = Release|Any CPU
		{13168E4B-776F-495D-B4FA-A78BD9715E30}.Release|x64.Deploy.0 = Release|Any CPU
		{13168E4B-776F-495D-B4FA-A78BD9715E30}.Release|x86.ActiveCfg = Release|Any CPU
		{13168E4B-776F-495D-B4FA-A78BD9715E30}.Release|x86.Build.0 = Release|Any CPU
		{13168E4B-776F-495D-B4FA-A78BD9715E30}.Release|x86.Deploy.0 = Release|Any CPU
	EndGlobalSection
	GlobalSection(SolutionProperties) = preSolution
		HideSolutionNode = FALSE
	EndGlobalSection
	GlobalSection(ExtensibilityGlobals) = postSolution
		SolutionGuid = {8255D035-CC81-41FA-BD36-A4F4EA29553D}
	EndGlobalSection
EndGlobal
